{
    "_meta": {
        "hash": {
            "sha256": "8967970a91f15cf545951a4cac2881188291a8d913e2071cee76713c42c870d1"
        },
        "pipfile-spec": 6,
        "requires": {
            "python_version": "3.7"
        },
        "sources": [
            {
                "name": "pypi",
                "url": "https://pypi.org/simple",
                "verify_ssl": true
            }
        ]
    },
    "default": {
        "avro-python3": {
            "hashes": [
                "sha256:3b63f24e6b04368c3e4a6f923f484be0230d821aad65ac36108edbff29e9aaab"
            ],
            "version": "==1.10.2"
        },
        "certifi": {
            "hashes": [
                "sha256:1a4995114262bffbc2413b159f2a1a480c969de6e6eb13ee966d470af86af59c",
                "sha256:719a74fb9e33b9bd44cc7f3a8d94bc35e4049deebe19ba7d8e108280cfd59830"
            ],
            "version": "==2020.12.5"
        },
        "chardet": {
            "hashes": [
                "sha256:0d6f53a15db4120f2b08c94f11e7d93d2c911ee118b6b30a04ec3ee8310179fa",
                "sha256:f864054d66fd9118f2e67044ac8981a54775ec5b67aed0441892edb553d21da5"
            ],
            "version": "==4.0.0"
        },
        "confluent-kafka": {
            "extras": [
                "avro"
            ],
            "hashes": [
                "sha256:13d0146850c046b9e3dabbcb60bd7c4f02c7d4754b693266ee5bb0884faea2c7",
                "sha256:1505de9c652f9b841ba600f35e6a7f4cae2e239e9b8255212433756d17c1aeed",
                "sha256:1832373eee96b0ef246c773ec2613c382bf4577f0d42e2ce688e8d35ca373e69",
                "sha256:3001d09e5efa357eb9f3166ef54703166d7b662eb55841b760a346313ca717ee",
                "sha256:31b934aa821e4d6aff06dd260b14c03ca58a532bb160032acff573e2de0a4467",
                "sha256:359d776fb0381147e4c9981676d3907f9dbd12733597a6fec455e5a516728ae2",
                "sha256:472f63ee352a1464ff40325cc3a86aae2685716985bb2c9cad7e574f4203d664",
                "sha256:53ec15b8b76109489c77c0fe3d2f5ff71398cef2db74053c4818f6667a14471d",
                "sha256:6299420c462b274095d4624cf246dc90e49d6d3c1acd8b7222d39eb407476301",
                "sha256:8a497aee87d01891090c9c59ee760387bc41c718a358dadc926a6cae36dfa4fa",
                "sha256:8bd48e88b2d9ba42b58e8c5c1a266a4a7945757d1ae1c2bad3c0fbdf7b52c5e5",
                "sha256:92684d50215c111025ebb40c813f695fd9df69f763f04e9b25fc4fd67e5c0d06",
                "sha256:957417782592136c91c81d7161be8c6fc334f65d229a672d18c4cc85a0a09532",
                "sha256:a41eda5c84e153e0ec8d854c064ebe242a8a6993f9069f6ae83dfd5f9dda1ac6",
                "sha256:b4e5b7f5f597d4a40e0148e1fe509ab800231542ce7e8765265e8c251e6e3983",
                "sha256:c41d12f4e1deb54e1fa6e40260d95aa7b1c1ebfa4bbddb8a03f06fde3611da71",
                "sha256:c8b75e6e803e1a4346d12f212ead3871f86cf21e4d6b5028e8701f8e9c8f105b",
                "sha256:c8dee478a46a9352224fce1d12756cff6cf50e2684121a118141c7908ae9ed3e",
                "sha256:d072825c0f9dec85ebc5eaa887c324914cb3631c884b35fc3c173663d4222a3a",
                "sha256:d328d11edfe049cbdd6bf0792bcff9a9afce26c25124f198fe0ea1f910b529b3",
                "sha256:d52708474daec030399cf45a6bff55b13d631cdba6cc6546da351f675a901d44",
                "sha256:dd02a60145961957ad293aed30a435de2069024aec134575bea937e50df211b3",
                "sha256:eb900ef15b340a87185412b906cbef2450ab68907b84988a6af7fc8e1b017b6c",
                "sha256:fa5d985e30fbcbccaf8b9b1e52137abfbbe0f913fc1baddb96b9476824013411",
                "sha256:fb8ba7ddf85c80eb4d2e3c2f1b362793b9f5c78950bc1e93f60423241071fd9b",
                "sha256:ff80ceca738f52d9058d146b7b063092a88281362606e6c917af2a9e60087a3d"
            ],
            "index": "pypi",
            "version": "==1.1.0"
        },
        "faker": {
            "hashes": [
                "sha256:1d3f700e8dfcefd6e657118d71405d53e86974448aba78884f119bbd84c0cddf",
                "sha256:d5366e120191c5610fceeebfe1c298dc46da0277096f639c6dd7e2eaee0fa547"
            ],
            "index": "pypi",
            "version": "==2.0.1"
        },
        "fastavro": {
            "hashes": [
                "sha256:0770a8dafcac9b54f26cc54e2fbc683f3cb93b631d36f38c727aff65ffdb6c44",
                "sha256:0f7de00e84d61f1aa233ca22b1555c6a98693c3801829b89c52f1532850ea618",
                "sha256:306b87a55713ab5a9a37a315cbf9ecd74a1c640287c23a7926e960626c522d04",
                "sha256:3c9b1a11d17282267e3765cdb63f5155cdd0c37e985186fbcd72157fa6b98840",
                "sha256:4dff942b220c7710c02dad189b23c935bf1b85d4a6e1dfef49ee6bd87379ef60",
                "sha256:4e240c99d484298b8ce6825ed239e806da6ff3cb2596077102b76a039e57c9fc",
                "sha256:51d74395581afce5b3508950c7a0f791eb91838cc4cae9f11b9ebdf04e2894c6",
                "sha256:5f825bf6c90acdd47804ec343fb5337846cb87ff84211ed86defe92c43e8bb5e",
                "sha256:6dbb58e051e62f0f71a40b6221ac80b47cdad7a8820a6403d36b357823bceb49",
                "sha256:8373c125b92b6460dc7b6863282409111a6f37f69efde82debb18cb368521ba6",
                "sha256:a22107c204712679ce685ea3886d9f5ed1e395c8b64c081545b841b22dccf10b",
                "sha256:ad9d17c88dbddfc2c1b494c39124ceecc6417904a54ddd1a357270e69d05d1f8",
                "sha256:b69dc3ac12facef67d22c04afba318798ef1abaa512a1dc7407e3403d00a8979",
                "sha256:e7a8927764c0ba40cbf0ff0b6177875c4e9c2ce8eed1f33aaae432878c2923b2"
            ],
            "version": "==1.4.0"
        },
        "idna": {
            "hashes": [
                "sha256:b307872f855b18632ce0c21c5e45be78c0ea7ae4c15c828c20788b26921eb3f6",
                "sha256:b97d804b1e9b523befed77c48dacec60e6dcb0b5391d57af6a65a312a90648c0"
            ],
            "version": "==2.10"
        },
        "neo4j": {
            "hashes": [
                "sha256:92ff7ff58dfdf5c36b229339fc84f2be9129706cd32fd88e5bc981ce31caf9dc"
            ],
            "index": "pypi",
            "version": "==1.7.4"
        },
        "neobolt": {
            "hashes": [
                "sha256:1d0d5efce7221fc4f0ffc4a315bc5272708be5aa2aef5434269e800372d8db89"
            ],
            "version": "==1.7.17"
        },
        "neotime": {
            "hashes": [
                "sha256:4e0477ba0f24e004de2fa79a3236de2bd941f20de0b5db8d976c52a86d7363eb"
            ],
            "version": "==1.7.4"
        },
        "numpy": {
            "hashes": [
                "sha256:05dbfe72684cc14b92568de1bc1f41e5f62b00f714afc9adee42f6311738091f",
                "sha256:0d82cb7271a577529d07bbb05cb58675f2deb09772175fab96dc8de025d8ac05",
                "sha256:10132aa1fef99adc85a905d82e8497a580f83739837d7cbd234649f2e9b9dc58",
                "sha256:12322df2e21f033a60c80319c25011194cd2a21294cc66fee0908aeae2c27832",
                "sha256:16f19b3aa775dddc9814e02a46b8e6ae6a54ed8cf143962b4e53f0471dbd7b16",
                "sha256:3d0b0989dd2d066db006158de7220802899a1e5c8cf622abe2d0bd158fd01c2c",
                "sha256:438a3f0e7b681642898fd7993d38e2bf140a2d1eafaf3e89bb626db7f50db355",
                "sha256:5fd214f482ab53f2cea57414c5fb3e58895b17df6e6f5bca5be6a0bb6aea23bb",
                "sha256:73615d3edc84dd7c4aeb212fa3748fb83217e00d201875a47327f55363cef2df",
                "sha256:7bd355ad7496f4ce1d235e9814ec81ee3d28308d591c067ce92e49f745ba2c2f",
                "sha256:7d077f2976b8f3de08a0dcf5d72083f4af5411e8fddacd662aae27baa2601196",
                "sha256:a4092682778dc48093e8bda8d26ee8360153e2047826f95a3f5eae09f0ae3abf",
                "sha256:b458de8624c9f6034af492372eb2fee41a8e605f03f4732f43fc099e227858b2",
                "sha256:e70fc8ff03a961f13363c2c95ef8285e0cf6a720f8271836f852cc0fa64e97c8",
                "sha256:ee8e9d7cad5fe6dde50ede0d2e978d81eafeaa6233fb0b8719f60214cf226578",
                "sha256:f4a4f6aba148858a5a5d546a99280f71f5ee6ec8182a7d195af1a914195b21a2"
            ],
            "index": "pypi",
            "version": "==1.17.2"
        },
        "python-dateutil": {
            "hashes": [
                "sha256:73ebfe9dbf22e832286dafa60473e4cd239f8592f699aa5adaf10050e6e1823c",
                "sha256:75bb3f31ea686f1197762692a9ee6a7550b59fc6ca3a1f4b5d7e32fb98e2da2a"
            ],
            "version": "==2.8.1"
        },
        "pytz": {
            "hashes": [
                "sha256:83a4a90894bf38e243cf052c8b58f381bfe9a7a483f6a9cab140bc7f702ac4da",
                "sha256:eb10ce3e7736052ed3623d49975ce333bcd712c7bb19a58b9e2089d4057d0798"
            ],
            "version": "==2021.1"
        },
        "requests": {
            "hashes": [
                "sha256:27973dd4a904a4f13b263a19c866c13b92a39ed1c964655f025f3f8d3d75b804",
                "sha256:c210084e36a42ae6b9219e00e48287def368a26d03a048ddad7bfee44f75871e"
            ],
            "version": "==2.25.1"
        },
        "six": {
            "hashes": [
                "sha256:30639c035cdb23534cd4aa2dd52c3bf48f06e5f4a941509c8bafd8ce11080259",
                "sha256:8b74bedcbbbaca38ff6d7491d76f2b06b3592611af620f8426e82dddb04a5ced"
            ],
            "version": "==1.15.0"
        },
        "text-unidecode": {
            "hashes": [
                "sha256:5a1375bb2ba7968740508ae38d92e1f889a0832913cb1c447d5e2046061a396d",
                "sha256:801e38bd550b943563660a91de8d4b6fa5df60a542be9093f7abf819f86050cc"
            ],
            "version": "==1.2"
        },
        "urllib3": {
            "hashes": [
                "sha256:2f3db8b19923a873b3e5256dc9c2dedfa883e33d87c690d9c7913e1f40673cdc",
                "sha256:87716c2d2a7121198ebcb7ce7cccf6ce5e9ba539041cfbaeecfb641dc0bf6acc"
            ],
            "index": "pypi",
            "version": "==1.25.8"
        }
    },
    "develop": {
        "autopep8": {
            "hashes": [
                "sha256:4d8eec30cc81bc5617dbf1218201d770dc35629363547f17577c61683ccfb3ee"
            ],
            "index": "pypi",
            "version": "==1.4.4"
        },
        "pycodestyle": {
            "hashes": [
                "sha256:514f76d918fcc0b55c6680472f0a37970994e07bbb80725808c17089be302068",
                "sha256:c389c1d06bf7904078ca03399a4816f974a1d590090fecea0c63ec26ebaf1cef"
            ],
            "version": "==2.7.0"
        },
        "rope": {
            "hashes": [
                "sha256:6b728fdc3e98a83446c27a91fc5d56808a004f8beab7a31ab1d7224cecc7d969",
                "sha256:c5c5a6a87f7b1a2095fb311135e2a3d1f194f5ecb96900fdd0a9100881f48aaf",
                "sha256:f0dcf719b63200d492b85535ebe5ea9b29e0d0b8aebeb87fe03fc1a65924fdaf"
            ],
            "index": "pypi",
            "version": "==0.14.0"
        }
    }
}
