{
    "_meta": {
        "hash": {
            "sha256": "8967970a91f15cf545951a4cac2881188291a8d913e2071cee76713c42c870d1"
        },
        "pipfile-spec": 6,
        "requires": {
            "python_version": "3.7"
        },
        "sources": [
            {
                "name": "pypi",
                "url": "https://pypi.org/simple",
                "verify_ssl": true
            }
        ]
    },
    "default": {
        "avro-python3": {
            "hashes": [
                "sha256:3b63f24e6b04368c3e4a6f923f484be0230d821aad65ac36108edbff29e9aaab"
            ],
            "version": "==1.10.2"
        },
        "certifi": {
            "hashes": [
                "sha256:35824b4c3a97115964b408844d64aa14db1cc518f6562e8d7261699d1350a9e3",
                "sha256:4ad3232f5e926d6718ec31cfc1fcadfde020920e278684144551c91769c7bc18"
            ],
            "index": "pypi",
            "version": "==2022.12.7"
        },
        "charset-normalizer": {
            "hashes": [
                "sha256:5a3d016c7c547f69d6f81fb0db9449ce888b418b5b9952cc5e6e66843e9dd845",
                "sha256:83e9a75d1911279afd89352c68b45348559d1fc0506b054b346651b5e7fee29f"
            ],
            "markers": "python_full_version >= '3.6.0'",
            "version": "==2.1.1"
        },
        "confluent-kafka": {
            "extras": [
                "avro"
            ],
            "hashes": [
                "sha256:13d0146850c046b9e3dabbcb60bd7c4f02c7d4754b693266ee5bb0884faea2c7",
                "sha256:1505de9c652f9b841ba600f35e6a7f4cae2e239e9b8255212433756d17c1aeed",
                "sha256:1832373eee96b0ef246c773ec2613c382bf4577f0d42e2ce688e8d35ca373e69",
                "sha256:3001d09e5efa357eb9f3166ef54703166d7b662eb55841b760a346313ca717ee",
                "sha256:31b934aa821e4d6aff06dd260b14c03ca58a532bb160032acff573e2de0a4467",
                "sha256:359d776fb0381147e4c9981676d3907f9dbd12733597a6fec455e5a516728ae2",
                "sha256:472f63ee352a1464ff40325cc3a86aae2685716985bb2c9cad7e574f4203d664",
                "sha256:53ec15b8b76109489c77c0fe3d2f5ff71398cef2db74053c4818f6667a14471d",
                "sha256:6299420c462b274095d4624cf246dc90e49d6d3c1acd8b7222d39eb407476301",
                "sha256:8a497aee87d01891090c9c59ee760387bc41c718a358dadc926a6cae36dfa4fa",
                "sha256:8bd48e88b2d9ba42b58e8c5c1a266a4a7945757d1ae1c2bad3c0fbdf7b52c5e5",
                "sha256:92684d50215c111025ebb40c813f695fd9df69f763f04e9b25fc4fd67e5c0d06",
                "sha256:957417782592136c91c81d7161be8c6fc334f65d229a672d18c4cc85a0a09532",
                "sha256:a41eda5c84e153e0ec8d854c064ebe242a8a6993f9069f6ae83dfd5f9dda1ac6",
                "sha256:b4e5b7f5f597d4a40e0148e1fe509ab800231542ce7e8765265e8c251e6e3983",
                "sha256:c41d12f4e1deb54e1fa6e40260d95aa7b1c1ebfa4bbddb8a03f06fde3611da71",
                "sha256:c8b75e6e803e1a4346d12f212ead3871f86cf21e4d6b5028e8701f8e9c8f105b",
                "sha256:c8dee478a46a9352224fce1d12756cff6cf50e2684121a118141c7908ae9ed3e",
                "sha256:d072825c0f9dec85ebc5eaa887c324914cb3631c884b35fc3c173663d4222a3a",
                "sha256:d328d11edfe049cbdd6bf0792bcff9a9afce26c25124f198fe0ea1f910b529b3",
                "sha256:d52708474daec030399cf45a6bff55b13d631cdba6cc6546da351f675a901d44",
                "sha256:dd02a60145961957ad293aed30a435de2069024aec134575bea937e50df211b3",
                "sha256:eb900ef15b340a87185412b906cbef2450ab68907b84988a6af7fc8e1b017b6c",
                "sha256:fa5d985e30fbcbccaf8b9b1e52137abfbbe0f913fc1baddb96b9476824013411",
                "sha256:fb8ba7ddf85c80eb4d2e3c2f1b362793b9f5c78950bc1e93f60423241071fd9b",
                "sha256:ff80ceca738f52d9058d146b7b063092a88281362606e6c917af2a9e60087a3d"
            ],
            "index": "pypi",
            "version": "==1.1.0"
        },
        "faker": {
            "hashes": [
                "sha256:1d3f700e8dfcefd6e657118d71405d53e86974448aba78884f119bbd84c0cddf",
                "sha256:d5366e120191c5610fceeebfe1c298dc46da0277096f639c6dd7e2eaee0fa547"
            ],
            "index": "pypi",
            "version": "==2.0.1"
        },
        "fastavro": {
            "hashes": [
                "sha256:202424a5a7831b773f0f2cc2f82e89ed1726051fd5994f13dc678514144e10d4",
                "sha256:216132bc54da19e97e1531dd69c86282408d4c797749d83b01b3a00862a180de",
                "sha256:492e8902063aa1c73170e11c18495fcaa86b71eae3513ef83ba438ca02b16b34",
                "sha256:4b1205f46489b4032d3155c1ab44d9824be0c7454df98d3a5bd22b78b98f23c8",
                "sha256:4da6d83abd04a804310667f8d1fc23d44e9ed91ed9a9bc9c1fcd906e0c403b12",
                "sha256:54b60e79506a456bcfc940560fa2c73a7a8e3ddc58a1ae4d94fdd99f6b02aef0",
                "sha256:601f8c2ec166bd721f4b12eafe195dd1373d3f8dce4fe2425abd2df3e3968ac7",
                "sha256:63d0d2a2bb3e85d006c834633be51b105a50b0dc7cc8423b06f30601b532adf4",
                "sha256:749206f1cec3d7429546e49db5708f4571497d35181b6b334c4844133f230515",
                "sha256:7aab162f02e64bf82d0282430a3c6ec7a36982b1c5d479e7dcc278e6d62a84b8",
                "sha256:7c664302f94064adeb93403c61c74e07b9710526403eba3b59169f99bb99c55c",
                "sha256:7df57d31cb58770a9066790250e9f4ec91242c69e1dc62ea732a6fb2406a8f96",
                "sha256:91cc9be740abca894082af4fe3ab9db057d4e5fa783cfa9a94c02ec041bf4346",
                "sha256:9e4463b00242e4baf52d499aeefab46a26d9dd18d808d4219cd4d21089da540e",
                "sha256:a07a3245049529d6d9028d664361cc4990e74d035d2303875295e2f7b97eba09",
                "sha256:a0ebd5c1269085179de4b3f072de274fb66a471ecbc5245bd8684e6f94943c2f",
                "sha256:a7e35b94b692f8cca0096c89abf1937efed66252dea0b3b3165babfb3c289fb7",
                "sha256:ab3387a06e272980fa034f5c62f7063977b77df6416d3d30a4d3b49cc8827566",
                "sha256:b905634b5763ca08c9f7b51486e2c3ae7907f5d9bc48208c69b16ccbe8455e90",
                "sha256:c20cf6cd8098bb93c2cffd53d03ccea1dcf9ec594a5c83963acf29a2882f8693",
                "sha256:f7348d318858203bd108e6bcde177d8a6f0590b52bc624d815f26fb6c37029bb"
            ],
            "version": "==1.7.0"
        },
        "idna": {
            "hashes": [
                "sha256:814f528e8dead7d329833b91c5faa87d60bf71824cd12a7530b5526063d02cb4",
                "sha256:90b77e79eaa3eba6de819a0c442c0b4ceefc341a7a2ab77d7562bf49f425c5c2"
            ],
            "markers": "python_version >= '3.5'",
            "version": "==3.4"
        },
        "neo4j": {
            "hashes": [
                "sha256:92ff7ff58dfdf5c36b229339fc84f2be9129706cd32fd88e5bc981ce31caf9dc"
            ],
            "index": "pypi",
            "version": "==1.7.4"
        },
        "neobolt": {
            "hashes": [
                "sha256:1d0d5efce7221fc4f0ffc4a315bc5272708be5aa2aef5434269e800372d8db89"
            ],
            "version": "==1.7.17"
        },
        "neotime": {
            "hashes": [
                "sha256:4e0477ba0f24e004de2fa79a3236de2bd941f20de0b5db8d976c52a86d7363eb"
            ],
            "version": "==1.7.4"
        },
        "numpy": {
            "hashes": [
                "sha256:05dbfe72684cc14b92568de1bc1f41e5f62b00f714afc9adee42f6311738091f",
                "sha256:0d82cb7271a577529d07bbb05cb58675f2deb09772175fab96dc8de025d8ac05",
                "sha256:10132aa1fef99adc85a905d82e8497a580f83739837d7cbd234649f2e9b9dc58",
                "sha256:12322df2e21f033a60c80319c25011194cd2a21294cc66fee0908aeae2c27832",
                "sha256:16f19b3aa775dddc9814e02a46b8e6ae6a54ed8cf143962b4e53f0471dbd7b16",
                "sha256:3d0b0989dd2d066db006158de7220802899a1e5c8cf622abe2d0bd158fd01c2c",
                "sha256:438a3f0e7b681642898fd7993d38e2bf140a2d1eafaf3e89bb626db7f50db355",
                "sha256:5fd214f482ab53f2cea57414c5fb3e58895b17df6e6f5bca5be6a0bb6aea23bb",
                "sha256:73615d3edc84dd7c4aeb212fa3748fb83217e00d201875a47327f55363cef2df",
                "sha256:7bd355ad7496f4ce1d235e9814ec81ee3d28308d591c067ce92e49f745ba2c2f",
                "sha256:7d077f2976b8f3de08a0dcf5d72083f4af5411e8fddacd662aae27baa2601196",
                "sha256:a4092682778dc48093e8bda8d26ee8360153e2047826f95a3f5eae09f0ae3abf",
                "sha256:b458de8624c9f6034af492372eb2fee41a8e605f03f4732f43fc099e227858b2",
                "sha256:e70fc8ff03a961f13363c2c95ef8285e0cf6a720f8271836f852cc0fa64e97c8",
                "sha256:ee8e9d7cad5fe6dde50ede0d2e978d81eafeaa6233fb0b8719f60214cf226578",
                "sha256:f4a4f6aba148858a5a5d546a99280f71f5ee6ec8182a7d195af1a914195b21a2"
            ],
            "index": "pypi",
            "version": "==1.17.2"
        },
        "python-dateutil": {
            "hashes": [
                "sha256:0123cacc1627ae19ddf3c27a5de5bd67ee4586fbdd6440d9748f8abb483d3e86",
                "sha256:961d03dc3453ebbc59dbdea9e4e11c5651520a876d0f4db161e8674aae935da9"
            ],
            "markers": "python_version >= '2.7' and python_version not in '3.0, 3.1, 3.2, 3.3'",
            "version": "==2.8.2"
        },
        "pytz": {
            "hashes": [
                "sha256:222439474e9c98fced559f1709d89e6c9cbf8d79c794ff3eb9f8800064291427",
                "sha256:e89512406b793ca39f5971bc999cc538ce125c0e51c27941bef4568b460095e2"
            ],
            "version": "==2022.6"
        },
        "requests": {
            "hashes": [
                "sha256:7c5599b102feddaa661c826c56ab4fee28bfd17f5abca1ebbe3e7f19d7c97983",
                "sha256:8fefa2a1a1365bf5520aac41836fbee479da67864514bdb821f31ce07ce65349"
            ],
            "version": "==2.28.1"
        },
        "six": {
            "hashes": [
                "sha256:1e61c37477a1626458e36f7b1d82aa5c9b094fa4802892072e49de9c60c4c926",
                "sha256:8abb2f1d86890a2dfb989f9a77cfcfd3e47c2a354b01111771326f8aa26e0254"
            ],
            "markers": "python_version >= '2.7' and python_version not in '3.0, 3.1, 3.2, 3.3'",
            "version": "==1.16.0"
        },
        "text-unidecode": {
            "hashes": [
                "sha256:5a1375bb2ba7968740508ae38d92e1f889a0832913cb1c447d5e2046061a396d",
                "sha256:801e38bd550b943563660a91de8d4b6fa5df60a542be9093f7abf819f86050cc"
            ],
            "version": "==1.2"
        },
        "urllib3": {
            "hashes": [
                "sha256:47cc05d99aaa09c9e72ed5809b60e7ba354e64b59c9c173ac3018642d8bb41fc",
                "sha256:c083dd0dce68dbfbe1129d5271cb90f9447dea7d52097c6e0126120c521ddea8"
            ],
            "markers": "python_version >= '2.7' and python_version not in '3.0, 3.1, 3.2, 3.3, 3.4, 3.5'",
            "version": "==1.26.13"
        }
    },
    "develop": {
        "autopep8": {
            "hashes": [
                "sha256:4d8eec30cc81bc5617dbf1218201d770dc35629363547f17577c61683ccfb3ee"
            ],
            "index": "pypi",
            "version": "==1.4.4"
        },
        "pycodestyle": {
            "hashes": [
                "sha256:347187bdb476329d98f695c213d7295a846d1152ff4fe9bacb8a9590b8ee7053",
                "sha256:8a4eaf0d0495c7395bdab3589ac2db602797d76207242c17d470186815706610"
            ],
            "markers": "python_version >= '3.6'",
            "version": "==2.10.0"
        },
        "rope": {
            "hashes": [
                "sha256:6b728fdc3e98a83446c27a91fc5d56808a004f8beab7a31ab1d7224cecc7d969",
                "sha256:c5c5a6a87f7b1a2095fb311135e2a3d1f194f5ecb96900fdd0a9100881f48aaf",
                "sha256:f0dcf719b63200d492b85535ebe5ea9b29e0d0b8aebeb87fe03fc1a65924fdaf"
            ],
            "index": "pypi",
            "version": "==0.14.0"
        }
    }
}
