{
    "_meta": {
        "hash": {
            "sha256": "22f416e2b7ff785f245e3009f3c877f43dc7400378756856b6a6aad5d4600215"
        },
        "pipfile-spec": 6,
        "requires": {
            "python_version": "3.7"
        },
        "sources": [
            {
                "name": "pypi",
                "url": "https://pypi.org/simple",
                "verify_ssl": true
            }
        ]
    },
    "default": {
        "avro-python3": {
            "hashes": [
                "sha256:f82cf0d66189600b1e6b442f650ad5aca6c189576723dcbf6f9ce096eab81bd6"
            ],
            "version": "==1.8.2"
        },
        "certifi": {
            "hashes": [
                "sha256:59b7658e26ca9c7339e00f8f4636cdfe59d34fa37b9b04f6f9e9926b3cece1a5",
                "sha256:b26104d6835d1f5e49452a26eb2ff87fe7090b89dfcaee5ea2212697e1e1d7ae"
            ],
            "version": "==2019.3.9"
        },
        "chardet": {
            "hashes": [
                "sha256:84ab92ed1c4d4f16916e05906b6b75a6c0fb5db821cc65e70cbd64a3e2a5eaae",
                "sha256:fc323ffcaeaed0e0a02bf4d117757b98aed530d9ed4531e3e15460124c106691"
            ],
            "version": "==3.0.4"
        },
        "confluent-kafka": {
            "extras": [
                "avro"
            ],
            "hashes": [
                "sha256:0043e55c7763f8c9658e46545a21a01dc42208f4d0c6b1c293a21c3ed564c9f6",
                "sha256:0960a6281f127913b5f204442467a16974037f8447b42f1345f0c50305be48d3",
                "sha256:2fb24f7ec787b4d352a66c9298df3374f0f240d54ddafeb6714ee439c2c18ab8",
                "sha256:366dcda5f5e895351572c4a6db5bb072ea0868e08180f22ae1fd0da9b05bdcf0",
                "sha256:37c33b0ded017a1959a90ec4fb13f4236876a5e6e7b6ec898a1d880f2b095d8d",
                "sha256:3c53df7cd25855c46bc3c88e1331e5efc1910f452ed4a5c400a9579acac9057a",
                "sha256:3c78b23239a041dfc0cbdb0a12ce9734696291f7358afcc0b721809ca2bb3301",
                "sha256:4a7d41c896a2230f9d3682bc860c9296d62bcafbd82d65643873822bc5ca977b",
                "sha256:57b0bf04c9fdc1c49d9c2673c57a8ecfc08476b250601787fd7d175a5c444afd",
                "sha256:5d35b0160b54a52598f4f8fbb4a790f00d190a925034d6c97755c5be3ebb26a1",
                "sha256:6a8eb66ca218ebf6852296830218e3bc9df982acef21a57c4bf468f6f8481d9c",
                "sha256:6e7f683afc32cdc8db927df1e54a767e08a7c3cb35246f9b77c64a2ee48afacf",
                "sha256:709f0a51cccb2b30c9046ade8099404c1f8f6ae0cf8c9b03bbd6e8957bf89439",
                "sha256:70f9cffca40cfacdf9cbc5f0bbfb5bf484d993f1c75dd76b554635daac97de63",
                "sha256:75a1c1ffd0b777714d3b2fe97874d7b21b1a17a6f726e711a1bc1446d8f9fda6",
                "sha256:7745bcfabcc00f2c6d3391c6dda6e86d9386265fb183c75936a7a9571b1f470f",
                "sha256:7912b1b8cf84af8d0e530d746356752e1ca6f8b08c59d64f4fa7457fbd7f556f",
                "sha256:7d49bd472e3776706dc1ed60139fcc84a2f39097f0c6d9ae3f8a56e524a0ed6b",
                "sha256:8282a33beba177f4026158848d2ae633132e88214a406d6c6b4ceeffe752f878",
                "sha256:96348187a407603fdc43a6bb93c67962b0f098813ae6ee14e79a63937a3b0c11",
                "sha256:a7427944af963410479c2aaae27cc9d28db39c9a93299f14dcf16df80092c63a",
                "sha256:bf3efdb3418eb98a3eb6f32b20e3455c180d2208f5a8ef82c1021c1c2aeb54ed",
                "sha256:c1fa55b97a56298a29e794c84681258d9e4a703b2c2d0411cae7e5016fb7adfd",
                "sha256:cd13400d07d7f51c2f7b6d5b97986bf15ab3de6fdbac815acfac6ad70d54161f",
                "sha256:d23e0fe4c60f45dc84af849c2d832658e11fb0383f3e005d4ebaa7938813a232",
                "sha256:dbd110669d524835a728ba2df7cda048e21c65be34860fff7933509119c95ef8"
            ],
            "index": "pypi",
            "version": "==1.0.0"
        },
        "faker": {
            "hashes": [
                "sha256:1c0a5e7bb54d2c54569986a27124715c83899e592d8d61d4e372dbff6c699573",
                "sha256:60477f757a80f665bbe1fb3d1cfe5d205ec7b99d5240114de7b27b4c25d236ca"
            ],
            "index": "pypi",
            "version": "==1.0.7"
        },
        "fastavro": {
            "hashes": [
                "sha256:0d399ea650b4def2bbbf38f6acbc7938c13d66f9995fbbdd958aec009999d937",
                "sha256:21b222a7b7efc7cf5cf20d9f1b1b7c7442616806fddca3720947d596b754aa3a",
                "sha256:24ad939e31d0879a034f41c57fc2ab7299e210c46ea8cb5153ff7f9d0cdc5b30",
                "sha256:2893300567620e78ff659fb9be7c95e00afa6736085592864313f8c7b44f7a91",
                "sha256:29834ec0390ded3959c7db228cda96e2cc40ef1b255cf88cb91b3613802d6211",
                "sha256:4533abd104dd3f88be70ebb25993417226ee5fa9d30f4f3f543d2ca5b263f33d",
                "sha256:4f9849f14ed1c8d2be42c5235bee793c8c4f4e3a4225aa00a1662a81b4d7daac",
                "sha256:51a2a5f210b0193bf8ca373b71621c895f9ecf7020db452454acc8322e18c176",
                "sha256:585137a27b1b7d42d51922a924b91dcdea16ababb48bd022adc554c69efa897a",
                "sha256:586e89905997264a8c0d2905b32c6084015c99b69ed1cd7b6a4a9b31522dd541",
                "sha256:708d33ba49e2e61a5951c1a4a4d02b0086e844e936dd2d6b794929b365cf404e",
                "sha256:7f542a00b1ec442b312145cb5ab892baa88a70d95eed2b960f552dc739e07186",
                "sha256:95a926e7546a35e1f37b9dddba8a8e6e50e88eb731779c92cc1661cfdc8f0457",
                "sha256:c85e6c35b4dcbca12a85f2daac1b968be4d5f4306b6dd0a62b0ea27a66adc12c",
                "sha256:dabb44953ceeaf6b345693217da2eb98798b71656e709b8aede775163557fd42",
                "sha256:ea312d084e082aa28e4bab2fb0f2034c44b283a7817f952c9e1e2b49abcb8c49",
                "sha256:edff5e9c49b2def95b301701889d97319ee85324cec957ce76ba523102236578",
                "sha256:ef9806acd608ef17e516dc820ea9e89d76e8377de0963e17643cdc2a5cec58fc"
            ],
            "version": "==0.21.23"
        },
        "idna": {
            "hashes": [
                "sha256:c357b3f628cf53ae2c4c05627ecc484553142ca23264e593d327bcde5e9c3407",
                "sha256:ea8b7f6188e6fa117537c3df7da9fc686d485087abf6ac197f9c46432f7e4a3c"
            ],
            "version": "==2.8"
        },
        "python-dateutil": {
            "hashes": [
                "sha256:7e6584c74aeed623791615e26efd690f29817a27c73085b78e4bad02493df2fb",
                "sha256:c89805f6f4d64db21ed966fda138f8a5ed7a4fdbc1a8ee329ce1b74e3c74da9e"
            ],
            "version": "==2.8.0"
        },
        "requests": {
            "hashes": [
                "sha256:11e007a8a2aa0323f5a921e9e6a2d7e4e67d9877e85773fba9ba6419025cbeb4",
                "sha256:9cf5292fcd0f598c671cfc1e0d7d1a7f13bb8085e9a590f48c010551dc6c4b31"
            ],
            "version": "==2.22.0"
        },
        "six": {
            "hashes": [
                "sha256:3350809f0555b11f552448330d0b52d5f24c91a322ea4a15ef22629740f3761c",
                "sha256:d16a0141ec1a18405cd4ce8b4613101da75da0e9a7aec5bdd4fa804d0e0eba73"
            ],
            "version": "==1.12.0"
        },
        "text-unidecode": {
            "hashes": [
                "sha256:5a1375bb2ba7968740508ae38d92e1f889a0832913cb1c447d5e2046061a396d",
                "sha256:801e38bd550b943563660a91de8d4b6fa5df60a542be9093f7abf819f86050cc"
            ],
            "version": "==1.2"
        },
        "urllib3": {
            "hashes": [
                "sha256:b246607a25ac80bedac05c6f282e3cdaf3afb65420fd024ac94435cabe6e18d1",
                "sha256:dbe59173209418ae49d485b87d1681aefa36252ee85884c31346debd19463232"
            ],
            "version": "==1.25.3"
        }
    },
    "develop": {
        "autopep8": {
            "hashes": [
                "sha256:4d8eec30cc81bc5617dbf1218201d770dc35629363547f17577c61683ccfb3ee"
            ],
            "index": "pypi",
            "version": "==1.4.4"
        },
        "pycodestyle": {
            "hashes": [
                "sha256:95a2219d12372f05704562a14ec30bc76b05a5b297b21a5dfe3f6fac3491ae56",
                "sha256:e40a936c9a450ad81df37f549d676d127b1b66000a6c500caa2b085bc0ca976c"
            ],
            "version": "==2.5.0"
        }
    }
}
